
Microsoft Visual Studio Solution File, Format Version 12.00
# Visual Studio Version 16
VisualStudioVersion = 16.0.29102.190
MinimumVisualStudioVersion = 10.0.40219.1
Project("{9A19103F-16F7-4668-BE54-9A1E7A4F7556}") = "TensorFlow.Binding", "src\TensorFlowNET.Core\TensorFlow.Binding.csproj", "{FD682AC0-7B2D-45D3-8B0D-C6D678B04144}"
EndProject
Project("{9A19103F-16F7-4668-BE54-9A1E7A4F7556}") = "Keras.Core", "src\KerasNET.Core\Keras.Core.csproj", "{4A341A02-F595-4A2A-B671-D7591FC65CA7}"
EndProject
Project("{9A19103F-16F7-4668-BE54-9A1E7A4F7556}") = "Benchmark", "src\TensorFlowNet.Benchmarks\Benchmark.csproj", "{3A6EB896-604F-4E25-B677-B8103BCF3D2E}"
EndProject
Project("{9A19103F-16F7-4668-BE54-9A1E7A4F7556}") = "UnitTest", "test\TensorFlowNET.UnitTest\UnitTest.csproj", "{23C28035-2FCE-41F3-9A12-E73CE8A5AE32}"
EndProject
Global
	GlobalSection(SolutionConfigurationPlatforms) = preSolution
		Debug|Any CPU = Debug|Any CPU
		Debug|x64 = Debug|x64
		Publish|Any CPU = Publish|Any CPU
		Publish|x64 = Publish|x64
		Release|Any CPU = Release|Any CPU
		Release|x64 = Release|x64
	EndGlobalSection
	GlobalSection(ProjectConfigurationPlatforms) = postSolution
		{FD682AC0-7B2D-45D3-8B0D-C6D678B04144}.Debug|Any CPU.ActiveCfg = Debug|Any CPU
		{FD682AC0-7B2D-45D3-8B0D-C6D678B04144}.Debug|Any CPU.Build.0 = Debug|Any CPU
		{FD682AC0-7B2D-45D3-8B0D-C6D678B04144}.Debug|x64.ActiveCfg = Debug|Any CPU
		{FD682AC0-7B2D-45D3-8B0D-C6D678B04144}.Debug|x64.Build.0 = Debug|Any CPU
		{FD682AC0-7B2D-45D3-8B0D-C6D678B04144}.Publish|Any CPU.ActiveCfg = Release|Any CPU
		{FD682AC0-7B2D-45D3-8B0D-C6D678B04144}.Publish|Any CPU.Build.0 = Release|Any CPU
		{FD682AC0-7B2D-45D3-8B0D-C6D678B04144}.Publish|x64.ActiveCfg = Release|Any CPU
		{FD682AC0-7B2D-45D3-8B0D-C6D678B04144}.Publish|x64.Build.0 = Release|Any CPU
		{FD682AC0-7B2D-45D3-8B0D-C6D678B04144}.Release|Any CPU.ActiveCfg = Release|Any CPU
		{FD682AC0-7B2D-45D3-8B0D-C6D678B04144}.Release|Any CPU.Build.0 = Release|Any CPU
		{FD682AC0-7B2D-45D3-8B0D-C6D678B04144}.Release|x64.ActiveCfg = Release|Any CPU
		{FD682AC0-7B2D-45D3-8B0D-C6D678B04144}.Release|x64.Build.0 = Release|Any CPU
		{4A341A02-F595-4A2A-B671-D7591FC65CA7}.Debug|Any CPU.ActiveCfg = Debug|Any CPU
		{4A341A02-F595-4A2A-B671-D7591FC65CA7}.Debug|Any CPU.Build.0 = Debug|Any CPU
		{4A341A02-F595-4A2A-B671-D7591FC65CA7}.Debug|x64.ActiveCfg = Debug|Any CPU
		{4A341A02-F595-4A2A-B671-D7591FC65CA7}.Debug|x64.Build.0 = Debug|Any CPU
		{4A341A02-F595-4A2A-B671-D7591FC65CA7}.Publish|Any CPU.ActiveCfg = Debug|Any CPU
		{4A341A02-F595-4A2A-B671-D7591FC65CA7}.Publish|Any CPU.Build.0 = Debug|Any CPU
		{4A341A02-F595-4A2A-B671-D7591FC65CA7}.Publish|x64.ActiveCfg = Debug|Any CPU
		{4A341A02-F595-4A2A-B671-D7591FC65CA7}.Publish|x64.Build.0 = Debug|Any CPU
		{4A341A02-F595-4A2A-B671-D7591FC65CA7}.Release|Any CPU.ActiveCfg = Release|Any CPU
		{4A341A02-F595-4A2A-B671-D7591FC65CA7}.Release|Any CPU.Build.0 = Release|Any CPU
		{4A341A02-F595-4A2A-B671-D7591FC65CA7}.Release|x64.ActiveCfg = Release|Any CPU
		{4A341A02-F595-4A2A-B671-D7591FC65CA7}.Release|x64.Build.0 = Release|Any CPU
		{3A6EB896-604F-4E25-B677-B8103BCF3D2E}.Debug|Any CPU.ActiveCfg = Debug|Any CPU
		{3A6EB896-604F-4E25-B677-B8103BCF3D2E}.Debug|Any CPU.Build.0 = Debug|Any CPU
		{3A6EB896-604F-4E25-B677-B8103BCF3D2E}.Debug|x64.ActiveCfg = Debug|Any CPU
		{3A6EB896-604F-4E25-B677-B8103BCF3D2E}.Debug|x64.Build.0 = Debug|Any CPU
		{3A6EB896-604F-4E25-B677-B8103BCF3D2E}.Publish|Any CPU.ActiveCfg = Debug|Any CPU
		{3A6EB896-604F-4E25-B677-B8103BCF3D2E}.Publish|Any CPU.Build.0 = Debug|Any CPU
		{3A6EB896-604F-4E25-B677-B8103BCF3D2E}.Publish|x64.ActiveCfg = Debug|Any CPU
		{3A6EB896-604F-4E25-B677-B8103BCF3D2E}.Publish|x64.Build.0 = Debug|Any CPU
		{3A6EB896-604F-4E25-B677-B8103BCF3D2E}.Release|Any CPU.ActiveCfg = Release|Any CPU
		{3A6EB896-604F-4E25-B677-B8103BCF3D2E}.Release|Any CPU.Build.0 = Release|Any CPU
		{3A6EB896-604F-4E25-B677-B8103BCF3D2E}.Release|x64.ActiveCfg = Release|Any CPU
		{3A6EB896-604F-4E25-B677-B8103BCF3D2E}.Release|x64.Build.0 = Release|Any CPU
		{23C28035-2FCE-41F3-9A12-E73CE8A5AE32}.Debug|Any CPU.ActiveCfg = Debug|Any CPU
		{23C28035-2FCE-41F3-9A12-E73CE8A5AE32}.Debug|Any CPU.Build.0 = Debug|Any CPU
		{23C28035-2FCE-41F3-9A12-E73CE8A5AE32}.Debug|x64.ActiveCfg = Debug|Any CPU
		{23C28035-2FCE-41F3-9A12-E73CE8A5AE32}.Debug|x64.Build.0 = Debug|Any CPU
		{23C28035-2FCE-41F3-9A12-E73CE8A5AE32}.Publish|Any CPU.ActiveCfg = Debug|Any CPU
		{23C28035-2FCE-41F3-9A12-E73CE8A5AE32}.Publish|Any CPU.Build.0 = Debug|Any CPU
		{23C28035-2FCE-41F3-9A12-E73CE8A5AE32}.Publish|x64.ActiveCfg = Debug|Any CPU
		{23C28035-2FCE-41F3-9A12-E73CE8A5AE32}.Publish|x64.Build.0 = Debug|Any CPU
		{23C28035-2FCE-41F3-9A12-E73CE8A5AE32}.Release|Any CPU.ActiveCfg = Release|Any CPU
		{23C28035-2FCE-41F3-9A12-E73CE8A5AE32}.Release|Any CPU.Build.0 = Release|Any CPU
		{23C28035-2FCE-41F3-9A12-E73CE8A5AE32}.Release|x64.ActiveCfg = Release|Any CPU
		{23C28035-2FCE-41F3-9A12-E73CE8A5AE32}.Release|x64.Build.0 = Release|Any CPU
	EndGlobalSection
	GlobalSection(SolutionProperties) = preSolution
		HideSolutionNode = FALSE
	EndGlobalSection
	GlobalSection(ExtensibilityGlobals) = postSolution
		SolutionGuid = {2DEAD3CC-486B-4918-A607-50B0DE7B114A}
	EndGlobalSection
EndGlobal
